
Microsoft Visual Studio Solution File, Format Version 12.00
# Visual Studio Version 16
VisualStudioVersion = 16.0.31515.178
MinimumVisualStudioVersion = 10.0.40219.1
Project("{FAE04EC0-301F-11D3-BF4B-00C04F79EFBC}") = "PamposTools.JobsProcessor", "PamposTools.JobsProcessor\PamposTools.JobsProcessor.csproj", "{24EAA7DC-8A43-40E4-9570-70FEBAA16A38}"
EndProject
Project("{FAE04EC0-301F-11D3-BF4B-00C04F79EFBC}") = "PamposTools.JobsProcessor.Tests", "PamposTools.JobsProcessor.Tests\PamposTools.JobsProcessor.Tests.csproj", "{E342DB99-71C1-4E38-8C5D-2BB3AB6EF94B}"
EndProject
Global
	GlobalSection(SolutionConfigurationPlatforms) = preSolution
		Debug|Any CPU = Debug|Any CPU
		Release|Any CPU = Release|Any CPU
	EndGlobalSection
	GlobalSection(ProjectConfigurationPlatforms) = postSolution
		{24EAA7DC-8A43-40E4-9570-70FEBAA16A38}.Debug|Any CPU.ActiveCfg = Debug|Any CPU
		{24EAA7DC-8A43-40E4-9570-70FEBAA16A38}.Debug|Any CPU.Build.0 = Debug|Any CPU
		{24EAA7DC-8A43-40E4-9570-70FEBAA16A38}.Release|Any CPU.ActiveCfg = Release|Any CPU
		{24EAA7DC-8A43-40E4-9570-70FEBAA16A38}.Release|Any CPU.Build.0 = Release|Any CPU
		{E342DB99-71C1-4E38-8C5D-2BB3AB6EF94B}.Debug|Any CPU.ActiveCfg = Debug|Any CPU
		{E342DB99-71C1-4E38-8C5D-2BB3AB6EF94B}.Debug|Any CPU.Build.0 = Debug|Any CPU
		{E342DB99-71C1-4E38-8C5D-2BB3AB6EF94B}.Release|Any CPU.ActiveCfg = Release|Any CPU
		{E342DB99-71C1-4E38-8C5D-2BB3AB6EF94B}.Release|Any CPU.Build.0 = Release|Any CPU
	EndGlobalSection
	GlobalSection(SolutionProperties) = preSolution
		HideSolutionNode = FALSE
	EndGlobalSection
	GlobalSection(ExtensibilityGlobals) = postSolution
		SolutionGuid = {6F95A87D-BB78-47A9-9042-1726D201BB0E}
	EndGlobalSection
EndGlobal
